        "pdf-parse": "^1.1.1"
      "devOptional": true,
    "node_modules/@opentelemetry/context-async-hooks": {
      "version": "1.30.1",
      "resolved": "https://registry.npmjs.org/@opentelemetry/context-async-hooks/-/context-async-hooks-1.30.1.tgz",
      "integrity": "sha512-s5vvxXPVdjqS3kTLKMeBMvop9hbWkwzBpu+mUO2M7sZtlkyDJGwFe33wRKnbaYDo8ExRVBIIdwIGrqpxHuKttA==",
        "@opentelemetry/api": ">=1.0.0 <1.10.0"
    "node_modules/@opentelemetry/core": {
      "version": "1.30.1",
      "resolved": "https://registry.npmjs.org/@opentelemetry/core/-/core-1.30.1.tgz",
      "integrity": "sha512-OOCM2C/QIURhJMuKaekP3TRBxBKxG/TWWA0TL2J6nXUtDnuCtccy49LUJF8xPFXMX+0LMcxFpCo8M9cGY1W6rQ==",
        "@opentelemetry/semantic-conventions": "1.28.0"
        "@opentelemetry/api": ">=1.0.0 <1.10.0"
    "node_modules/@opentelemetry/exporter-prometheus": {
      "version": "0.57.2",
      "resolved": "https://registry.npmjs.org/@opentelemetry/exporter-prometheus/-/exporter-prometheus-0.57.2.tgz",
      "integrity": "sha512-VqIqXnuxWMWE/1NatAGtB1PvsQipwxDcdG4RwA/umdBcW3/iOHp0uejvFHTRN2O78ZPged87ErJajyUBPUhlDQ==",
        "@opentelemetry/core": "1.30.1",
        "@opentelemetry/resources": "1.30.1",
        "@opentelemetry/sdk-metrics": "1.30.1"
    "node_modules/@opentelemetry/instrumentation": {
      "version": "0.57.2",
      "resolved": "https://registry.npmjs.org/@opentelemetry/instrumentation/-/instrumentation-0.57.2.tgz",
      "integrity": "sha512-BdBGhQBh8IjZ2oIIX6F2/Q3LKm/FDDKi6ccYKcBTeilh6SNdNKveDOLk73BkSJjQLJk6qe4Yh+hHw1UPhCDdrg==",
        "@opentelemetry/api-logs": "0.57.2",
        "@types/shimmer": "^1.2.0",
        "import-in-the-middle": "^1.8.1",
        "require-in-the-middle": "^7.1.1",
        "semver": "^7.5.2",
        "shimmer": "^1.2.1"
    "node_modules/@opentelemetry/instrumentation-amqplib": {
      "version": "0.46.1",
      "resolved": "https://registry.npmjs.org/@opentelemetry/instrumentation-amqplib/-/instrumentation-amqplib-0.46.1.tgz",
      "integrity": "sha512-AyXVnlCf/xV3K/rNumzKxZqsULyITJH6OVLiW6730JPRqWA7Zc9bvYoVNpN6iOpTU8CasH34SU/ksVJmObFibQ==",
    "node_modules/@opentelemetry/instrumentation-connect": {
      "version": "0.43.0",
      "resolved": "https://registry.npmjs.org/@opentelemetry/instrumentation-connect/-/instrumentation-connect-0.43.0.tgz",
      "integrity": "sha512-Q57JGpH6T4dkYHo9tKXONgLtxzsh1ZEW5M9A/OwKrZFyEpLqWgjhcZ3hIuVvDlhb426iDF1f9FPToV/mi5rpeA==",
        "@opentelemetry/instrumentation": "^0.57.0",
        "@opentelemetry/semantic-conventions": "^1.27.0",
        "@types/connect": "3.4.36"
    "node_modules/@opentelemetry/instrumentation-dataloader": {
      "version": "0.16.0",
      "resolved": "https://registry.npmjs.org/@opentelemetry/instrumentation-dataloader/-/instrumentation-dataloader-0.16.0.tgz",
      "integrity": "sha512-88+qCHZC02up8PwKHk0UQKLLqGGURzS3hFQBZC7PnGwReuoKjHXS1o29H58S+QkXJpkTr2GACbx8j6mUoGjNPA==",
        "@opentelemetry/instrumentation": "^0.57.0"
    "node_modules/@opentelemetry/instrumentation-express": {
      "version": "0.47.0",
      "resolved": "https://registry.npmjs.org/@opentelemetry/instrumentation-express/-/instrumentation-express-0.47.0.tgz",
      "integrity": "sha512-XFWVx6k0XlU8lu6cBlCa29ONtVt6ADEjmxtyAyeF2+rifk8uBJbk1La0yIVfI0DoKURGbaEDTNelaXG9l/lNNQ==",
        "@opentelemetry/core": "^1.8.0",
        "@opentelemetry/instrumentation": "^0.57.0",
        "@opentelemetry/semantic-conventions": "^1.27.0"
    "node_modules/@opentelemetry/instrumentation-fastify": {
      "version": "0.44.1",
      "resolved": "https://registry.npmjs.org/@opentelemetry/instrumentation-fastify/-/instrumentation-fastify-0.44.1.tgz",
      "integrity": "sha512-RoVeMGKcNttNfXMSl6W4fsYoCAYP1vi6ZAWIGhBY+o7R9Y0afA7f9JJL0j8LHbyb0P0QhSYk+6O56OwI2k4iRQ==",
        "@opentelemetry/instrumentation": "^0.57.0",
    "node_modules/@opentelemetry/instrumentation-fetch": {
      "version": "0.57.2",
      "resolved": "https://registry.npmjs.org/@opentelemetry/instrumentation-fetch/-/instrumentation-fetch-0.57.2.tgz",
      "integrity": "sha512-LF/lH9xpRTuGPdxta6Eiezw91DFm0A9SMux1vslNwSgL4jiB+q1fQ/8CRv7e5UNh7y/hit4LAdGPoH+f0wfTTQ==",
        "@opentelemetry/core": "1.30.1",
        "@opentelemetry/instrumentation": "0.57.2",
        "@opentelemetry/sdk-trace-web": "1.30.1",
        "@opentelemetry/semantic-conventions": "1.28.0"
    "node_modules/@opentelemetry/instrumentation-fs": {
      "version": "0.19.0",
      "resolved": "https://registry.npmjs.org/@opentelemetry/instrumentation-fs/-/instrumentation-fs-0.19.0.tgz",
      "integrity": "sha512-JGwmHhBkRT2G/BYNV1aGI+bBjJu4fJUD/5/Jat0EWZa2ftrLV3YE8z84Fiij/wK32oMZ88eS8DI4ecLGZhpqsQ==",
    "node_modules/@opentelemetry/instrumentation-generic-pool": {
      "version": "0.43.0",
      "resolved": "https://registry.npmjs.org/@opentelemetry/instrumentation-generic-pool/-/instrumentation-generic-pool-0.43.0.tgz",
      "integrity": "sha512-at8GceTtNxD1NfFKGAuwtqM41ot/TpcLh+YsGe4dhf7gvv1HW/ZWdq6nfRtS6UjIvZJOokViqLPJ3GVtZItAnQ==",
        "@opentelemetry/instrumentation": "^0.57.0"
    "node_modules/@opentelemetry/instrumentation-graphql": {
      "version": "0.47.0",
      "resolved": "https://registry.npmjs.org/@opentelemetry/instrumentation-graphql/-/instrumentation-graphql-0.47.0.tgz",
      "integrity": "sha512-Cc8SMf+nLqp0fi8oAnooNEfwZWFnzMiBHCGmDFYqmgjPylyLmi83b+NiTns/rKGwlErpW0AGPt0sMpkbNlzn8w==",
        "@opentelemetry/instrumentation": "^0.57.0"
    "node_modules/@opentelemetry/instrumentation-hapi": {
      "version": "0.45.1",
      "resolved": "https://registry.npmjs.org/@opentelemetry/instrumentation-hapi/-/instrumentation-hapi-0.45.1.tgz",
      "integrity": "sha512-VH6mU3YqAKTePPfUPwfq4/xr049774qWtfTuJqVHoVspCLiT3bW+fCQ1toZxt6cxRPYASoYaBsMA3CWo8B8rcw==",
    "node_modules/@opentelemetry/instrumentation-http": {
      "version": "0.57.1",
      "resolved": "https://registry.npmjs.org/@opentelemetry/instrumentation-http/-/instrumentation-http-0.57.1.tgz",
      "integrity": "sha512-ThLmzAQDs7b/tdKI3BV2+yawuF09jF111OFsovqT1Qj3D8vjwKBwhi/rDE5xethwn4tSXtZcJ9hBsVAlWFQZ7g==",
        "@opentelemetry/core": "1.30.1",
        "@opentelemetry/instrumentation": "0.57.1",
        "@opentelemetry/semantic-conventions": "1.28.0",
        "forwarded-parse": "2.1.2",
        "semver": "^7.5.2"
    "node_modules/@opentelemetry/instrumentation-http/node_modules/@opentelemetry/api-logs": {
      "version": "0.57.1",
      "resolved": "https://registry.npmjs.org/@opentelemetry/api-logs/-/api-logs-0.57.1.tgz",
      "integrity": "sha512-I4PHczeujhQAQv6ZBzqHYEUiggZL4IdSMixtVD3EYqbdrjujE7kRfI5QohjlPoJm8BvenoW5YaTMWRrbpot6tg==",
    "node_modules/@opentelemetry/instrumentation-http/node_modules/@opentelemetry/instrumentation": {
      "version": "0.57.1",
      "resolved": "https://registry.npmjs.org/@opentelemetry/instrumentation/-/instrumentation-0.57.1.tgz",
      "integrity": "sha512-SgHEKXoVxOjc20ZYusPG3Fh+RLIZTSa4x8QtD3NfgAUDyqdFFS9W1F2ZVbZkqDCdyMcQG02Ok4duUGLHJXHgbA==",
        "@opentelemetry/api-logs": "0.57.1",
        "@types/shimmer": "^1.2.0",
        "import-in-the-middle": "^1.8.1",
        "require-in-the-middle": "^7.1.1",
        "semver": "^7.5.2",
        "shimmer": "^1.2.1"
    "node_modules/@opentelemetry/instrumentation-ioredis": {
      "version": "0.47.0",
      "resolved": "https://registry.npmjs.org/@opentelemetry/instrumentation-ioredis/-/instrumentation-ioredis-0.47.0.tgz",
      "integrity": "sha512-4HqP9IBC8e7pW9p90P3q4ox0XlbLGme65YTrA3UTLvqvo4Z6b0puqZQP203YFu8m9rE/luLfaG7/xrwwqMUpJw==",
        "@opentelemetry/instrumentation": "^0.57.0",
        "@opentelemetry/redis-common": "^0.36.2",
    "node_modules/@opentelemetry/instrumentation-kafkajs": {
      "version": "0.7.0",
      "resolved": "https://registry.npmjs.org/@opentelemetry/instrumentation-kafkajs/-/instrumentation-kafkajs-0.7.0.tgz",
      "integrity": "sha512-LB+3xiNzc034zHfCtgs4ITWhq6Xvdo8bsq7amR058jZlf2aXXDrN9SV4si4z2ya9QX4tz6r4eZJwDkXOp14/AQ==",
        "@opentelemetry/instrumentation": "^0.57.0",
    "node_modules/@opentelemetry/instrumentation-knex": {
      "version": "0.44.0",
      "resolved": "https://registry.npmjs.org/@opentelemetry/instrumentation-knex/-/instrumentation-knex-0.44.0.tgz",
      "integrity": "sha512-SlT0+bLA0Lg3VthGje+bSZatlGHw/vwgQywx0R/5u9QC59FddTQSPJeWNw29M6f8ScORMeUOOTwihlQAn4GkJQ==",
        "@opentelemetry/semantic-conventions": "^1.27.0"
    "node_modules/@opentelemetry/instrumentation-koa": {
      "version": "0.47.0",
      "resolved": "https://registry.npmjs.org/@opentelemetry/instrumentation-koa/-/instrumentation-koa-0.47.0.tgz",
      "integrity": "sha512-HFdvqf2+w8sWOuwtEXayGzdZ2vWpCKEQv5F7+2DSA74Te/Cv4rvb2E5So5/lh+ok4/RAIPuvCbCb/SHQFzMmbw==",
        "@opentelemetry/instrumentation": "^0.57.0",
        "@opentelemetry/semantic-conventions": "^1.27.0"
        "@opentelemetry/api": "^1.3.0"
    "node_modules/@opentelemetry/instrumentation-lru-memoizer": {
      "version": "0.44.0",
      "resolved": "https://registry.npmjs.org/@opentelemetry/instrumentation-lru-memoizer/-/instrumentation-lru-memoizer-0.44.0.tgz",
      "integrity": "sha512-Tn7emHAlvYDFik3vGU0mdwvWJDwtITtkJ+5eT2cUquct6nIs+H8M47sqMJkCpyPe5QIBJoTOHxmc6mj9lz6zDw==",
        "@opentelemetry/instrumentation": "^0.57.0"
    "node_modules/@opentelemetry/instrumentation-mongodb": {
      "version": "0.51.0",
      "resolved": "https://registry.npmjs.org/@opentelemetry/instrumentation-mongodb/-/instrumentation-mongodb-0.51.0.tgz",
      "integrity": "sha512-cMKASxCX4aFxesoj3WK8uoQ0YUrRvnfxaO72QWI2xLu5ZtgX/QvdGBlU3Ehdond5eb74c2s1cqRQUIptBnKz1g==",
        "@opentelemetry/instrumentation": "^0.57.0",
        "@opentelemetry/semantic-conventions": "^1.27.0"
    "node_modules/@opentelemetry/instrumentation-mongoose": {
      "version": "0.46.0",
      "resolved": "https://registry.npmjs.org/@opentelemetry/instrumentation-mongoose/-/instrumentation-mongoose-0.46.0.tgz",
      "integrity": "sha512-mtVv6UeaaSaWTeZtLo4cx4P5/ING2obSqfWGItIFSunQBrYROfhuVe7wdIrFUs2RH1tn2YYpAJyMaRe/bnTTIQ==",
        "@opentelemetry/core": "^1.8.0",
        "@opentelemetry/instrumentation": "^0.57.0",
        "@opentelemetry/semantic-conventions": "^1.27.0"
    "node_modules/@opentelemetry/instrumentation-mysql": {
      "version": "0.45.0",
      "resolved": "https://registry.npmjs.org/@opentelemetry/instrumentation-mysql/-/instrumentation-mysql-0.45.0.tgz",
      "integrity": "sha512-tWWyymgwYcTwZ4t8/rLDfPYbOTF3oYB8SxnYMtIQ1zEf5uDm90Ku3i6U/vhaMyfHNlIHvDhvJh+qx5Nc4Z3Acg==",
        "@opentelemetry/instrumentation": "^0.57.0",
        "@opentelemetry/semantic-conventions": "^1.27.0",
        "@types/mysql": "2.15.26"
    "node_modules/@opentelemetry/instrumentation-mysql2": {
      "version": "0.45.0",
      "resolved": "https://registry.npmjs.org/@opentelemetry/instrumentation-mysql2/-/instrumentation-mysql2-0.45.0.tgz",
      "integrity": "sha512-qLslv/EPuLj0IXFvcE3b0EqhWI8LKmrgRPIa4gUd8DllbBpqJAvLNJSv3cC6vWwovpbSI3bagNO/3Q2SuXv2xA==",
      "dependencies": {
        "@opentelemetry/instrumentation": "^0.57.0",
        "@opentelemetry/semantic-conventions": "^1.27.0",
        "@opentelemetry/sql-common": "^0.40.1"
      },
        "@opentelemetry/api": "^1.3.0"
    "node_modules/@opentelemetry/instrumentation-nestjs-core": {
      "version": "0.44.0",
      "resolved": "https://registry.npmjs.org/@opentelemetry/instrumentation-nestjs-core/-/instrumentation-nestjs-core-0.44.0.tgz",
      "integrity": "sha512-t16pQ7A4WYu1yyQJZhRKIfUNvl5PAaF2pEteLvgJb/BWdd1oNuU1rOYt4S825kMy+0q4ngiX281Ss9qiwHfxFQ==",
        "@opentelemetry/instrumentation": "^0.57.0",
        "@opentelemetry/semantic-conventions": "^1.27.0"
        "@opentelemetry/api": "^1.3.0"
    "node_modules/@opentelemetry/instrumentation-pg": {
      "version": "0.50.0",
      "resolved": "https://registry.npmjs.org/@opentelemetry/instrumentation-pg/-/instrumentation-pg-0.50.0.tgz",
      "integrity": "sha512-TtLxDdYZmBhFswm8UIsrDjh/HFBeDXd4BLmE8h2MxirNHewLJ0VS9UUddKKEverb5Sm2qFVjqRjcU+8Iw4FJ3w==",
        "@opentelemetry/core": "^1.26.0",
        "@opentelemetry/instrumentation": "^0.57.0",
        "@opentelemetry/semantic-conventions": "1.27.0",
        "@opentelemetry/sql-common": "^0.40.1",
        "@types/pg": "8.6.1",
        "@types/pg-pool": "2.0.6"
        "@opentelemetry/api": "^1.3.0"
    "node_modules/@opentelemetry/instrumentation-pg/node_modules/@opentelemetry/semantic-conventions": {
      "version": "1.27.0",
      "resolved": "https://registry.npmjs.org/@opentelemetry/semantic-conventions/-/semantic-conventions-1.27.0.tgz",
      "integrity": "sha512-sAay1RrB+ONOem0OZanAR1ZI/k7yDpnOQSQmTMuGImUQb2y8EbSaCJ94FQluM74xoU03vlb2d2U90hZluL6nQg==",
    "node_modules/@opentelemetry/instrumentation-redis-4": {
      "version": "0.46.0",
      "resolved": "https://registry.npmjs.org/@opentelemetry/instrumentation-redis-4/-/instrumentation-redis-4-0.46.0.tgz",
      "integrity": "sha512-aTUWbzbFMFeRODn3720TZO0tsh/49T8H3h8vVnVKJ+yE36AeW38Uj/8zykQ/9nO8Vrtjr5yKuX3uMiG/W8FKNw==",
        "@opentelemetry/instrumentation": "^0.57.0",
        "@opentelemetry/redis-common": "^0.36.2",
        "@opentelemetry/api": "^1.3.0"
    "node_modules/@opentelemetry/instrumentation-tedious": {
      "version": "0.18.0",
      "resolved": "https://registry.npmjs.org/@opentelemetry/instrumentation-tedious/-/instrumentation-tedious-0.18.0.tgz",
      "integrity": "sha512-9zhjDpUDOtD+coeADnYEJQ0IeLVCj7w/hqzIutdp5NqS1VqTAanaEfsEcSypyvYv5DX3YOsTUoF+nr2wDXPETA==",
        "@opentelemetry/instrumentation": "^0.57.0",
        "@opentelemetry/semantic-conventions": "^1.27.0",
        "@types/tedious": "^4.0.14"
        "@opentelemetry/api": "^1.3.0"
    "node_modules/@opentelemetry/instrumentation-undici": {
      "version": "0.10.0",
      "resolved": "https://registry.npmjs.org/@opentelemetry/instrumentation-undici/-/instrumentation-undici-0.10.0.tgz",
      "integrity": "sha512-vm+V255NGw9gaSsPD6CP0oGo8L55BffBc8KnxqsMuc6XiAD1L8SFNzsW0RHhxJFqy9CJaJh+YiJ5EHXuZ5rZBw==",
        "@opentelemetry/core": "^1.8.0",
        "@opentelemetry/instrumentation": "^0.57.0"
        "@opentelemetry/api": "^1.7.0"
    "node_modules/@opentelemetry/redis-common": {
      "version": "0.36.2",
      "resolved": "https://registry.npmjs.org/@opentelemetry/redis-common/-/redis-common-0.36.2.tgz",
      "integrity": "sha512-faYX1N0gpLhej/6nyp6bgRjzAKXn5GOEMYY7YhciSfCoITAktLUtQ36d24QEWNA1/WA1y6qQunCe0OhHRkVl9g==",
    "node_modules/@radix-ui/rect": {
      "version": "1.1.1",
      "resolved": "https://registry.npmjs.org/@radix-ui/rect/-/rect-1.1.1.tgz",
      "integrity": "sha512-HPwpGIzkl28mWyZqG52jiqDJ12waP11Pa1lGoiyUkIEuMLBP0oeK/C89esbXrxsky5we7dfd8U58nm0SgAWpVw==",
      "license": "MIT"
      "dev": true,
      "dev": true,
      "dev": true,
      "dev": true,
      "dev": true,
      "dev": true,
      "dev": true,
      "dev": true,
      "dev": true,
      "dev": true,
      "dev": true,
      "dev": true,
      "dev": true,
      "dev": true,
      "dev": true,
      "dev": true,
      "dev": true,
      "dev": true,
      "dev": true,
      "dev": true,
      "dev": true,
      "devOptional": true,
      "devOptional": true,
      "devOptional": true,
      "devOptional": true,
      "dev": true,
      "devOptional": true,
      "dev": true,
      "devOptional": true,
      "peer": true,
      "peer": true,
      "peer": true,
      "peer": true,
      "peer": true,
      "peer": true,
      "peer": true,
      "peer": true,
      "peer": true,
      "peer": true,
      "devOptional": true,
      "dev": true,
      "devOptional": true,
      "dev": true,
      "devOptional": true,
      "devOptional": true,
